
Microsoft Visual Studio Solution File, Format Version 12.00
# Visual Studio Version 17
VisualStudioVersion = 17.6.33829.357
MinimumVisualStudioVersion = 10.0.40219.1
Project("{9A19103F-16F7-4668-BE54-9A1E7A4F7556}") = "280Final", "280Final\280Final.csproj", "{BB782047-A4D9-44E3-83DA-DDA3236A90E1}"
EndProject
Project("{9A19103F-16F7-4668-BE54-9A1E7A4F7556}") = "ClientProject", "ClientProject\ClientProject.csproj", "{90921F63-32DB-44CA-AA0D-1DEC0E5032D0}"
EndProject
Project("{9A19103F-16F7-4668-BE54-9A1E7A4F7556}") = "ServerProject", "ServerProject\ServerProject.csproj", "{F3479E54-31A2-427B-8AD2-CAFC4787D07D}"
EndProject
Project("{9A19103F-16F7-4668-BE54-9A1E7A4F7556}") = "TCP280Project", "TCP280Project\TCP280Project.csproj", "{1DC414C1-E36E-4AF4-8E28-98A8C921B9DC}"
EndProject
Project("{9A19103F-16F7-4668-BE54-9A1E7A4F7556}") = "DataClasses", "DataClasses\DataClasses.csproj", "{2B145142-84A9-4AD5-AB4E-3D11A85A8253}"
EndProject
Project("{9A19103F-16F7-4668-BE54-9A1E7A4F7556}") = "TicTacToe280Project", "TicTacToe280Project\TicTacToe280Project.csproj", "{5AEEE221-5042-4650-9F57-67E6AA93AAE7}"
EndProject
Project("{9A19103F-16F7-4668-BE54-9A1E7A4F7556}") = "ProjectDebugHelper", "ProjectDebugHelper\ProjectDebugHelper.csproj", "{883AB173-256A-4409-B957-42C6BBCCD052}"
EndProject
Global
	GlobalSection(SolutionConfigurationPlatforms) = preSolution
		Debug|Any CPU = Debug|Any CPU
		Release|Any CPU = Release|Any CPU
	EndGlobalSection
	GlobalSection(ProjectConfigurationPlatforms) = postSolution
		{BB782047-A4D9-44E3-83DA-DDA3236A90E1}.Debug|Any CPU.ActiveCfg = Debug|Any CPU
		{BB782047-A4D9-44E3-83DA-DDA3236A90E1}.Debug|Any CPU.Build.0 = Debug|Any CPU
		{BB782047-A4D9-44E3-83DA-DDA3236A90E1}.Release|Any CPU.ActiveCfg = Release|Any CPU
		{BB782047-A4D9-44E3-83DA-DDA3236A90E1}.Release|Any CPU.Build.0 = Release|Any CPU
		{90921F63-32DB-44CA-AA0D-1DEC0E5032D0}.Debug|Any CPU.ActiveCfg = Debug|Any CPU
		{90921F63-32DB-44CA-AA0D-1DEC0E5032D0}.Debug|Any CPU.Build.0 = Debug|Any CPU
		{90921F63-32DB-44CA-AA0D-1DEC0E5032D0}.Release|Any CPU.ActiveCfg = Release|Any CPU
		{90921F63-32DB-44CA-AA0D-1DEC0E5032D0}.Release|Any CPU.Build.0 = Release|Any CPU
		{F3479E54-31A2-427B-8AD2-CAFC4787D07D}.Debug|Any CPU.ActiveCfg = Debug|Any CPU
		{F3479E54-31A2-427B-8AD2-CAFC4787D07D}.Debug|Any CPU.Build.0 = Debug|Any CPU
		{F3479E54-31A2-427B-8AD2-CAFC4787D07D}.Release|Any CPU.ActiveCfg = Release|Any CPU
		{F3479E54-31A2-427B-8AD2-CAFC4787D07D}.Release|Any CPU.Build.0 = Release|Any CPU
		{1DC414C1-E36E-4AF4-8E28-98A8C921B9DC}.Debug|Any CPU.ActiveCfg = Debug|Any CPU
		{1DC414C1-E36E-4AF4-8E28-98A8C921B9DC}.Debug|Any CPU.Build.0 = Debug|Any CPU
		{1DC414C1-E36E-4AF4-8E28-98A8C921B9DC}.Release|Any CPU.ActiveCfg = Release|Any CPU
		{1DC414C1-E36E-4AF4-8E28-98A8C921B9DC}.Release|Any CPU.Build.0 = Release|Any CPU
		{2B145142-84A9-4AD5-AB4E-3D11A85A8253}.Debug|Any CPU.ActiveCfg = Debug|Any CPU
		{2B145142-84A9-4AD5-AB4E-3D11A85A8253}.Debug|Any CPU.Build.0 = Debug|Any CPU
		{2B145142-84A9-4AD5-AB4E-3D11A85A8253}.Release|Any CPU.ActiveCfg = Release|Any CPU
		{2B145142-84A9-4AD5-AB4E-3D11A85A8253}.Release|Any CPU.Build.0 = Release|Any CPU
		{5AEEE221-5042-4650-9F57-67E6AA93AAE7}.Debug|Any CPU.ActiveCfg = Debug|Any CPU
		{5AEEE221-5042-4650-9F57-67E6AA93AAE7}.Debug|Any CPU.Build.0 = Debug|Any CPU
		{5AEEE221-5042-4650-9F57-67E6AA93AAE7}.Release|Any CPU.ActiveCfg = Release|Any CPU
		{5AEEE221-5042-4650-9F57-67E6AA93AAE7}.Release|Any CPU.Build.0 = Release|Any CPU
		{883AB173-256A-4409-B957-42C6BBCCD052}.Debug|Any CPU.ActiveCfg = Debug|Any CPU
		{883AB173-256A-4409-B957-42C6BBCCD052}.Debug|Any CPU.Build.0 = Debug|Any CPU
		{883AB173-256A-4409-B957-42C6BBCCD052}.Release|Any CPU.ActiveCfg = Release|Any CPU
		{883AB173-256A-4409-B957-42C6BBCCD052}.Release|Any CPU.Build.0 = Release|Any CPU
	EndGlobalSection
	GlobalSection(SolutionProperties) = preSolution
		HideSolutionNode = FALSE
	EndGlobalSection
	GlobalSection(ExtensibilityGlobals) = postSolution
		SolutionGuid = {A4DC0ED2-20E5-48F3-8614-6AA216C4AF62}
	EndGlobalSection
EndGlobal
